github.com/KarpelesLab/goupd v0.2.5 h1:qgaNUmgOxYquVsiXKVLywOB7pH6PSCo1TzSFj1cybWE=
github.com/KarpelesLab/goupd v0.2.5/go.mod h1:Sr/OaGDtQ/nenXcG/DI2pTX4us1MexhppeMUMN7fsTw=
github.com/KarpelesLab/goupd v0.2.6 h1:FXjNaVy7LlH8wQ/7fvvIP79TZGkGqOlejCaOefmhiFg=
github.com/KarpelesLab/goupd v0.2.6/go.mod h1:Sr/OaGDtQ/nenXcG/DI2pTX4us1MexhppeMUMN7fsTw=
github.com/KarpelesLab/goupd v0.2.10 h1:RAF75Pkehh9ZRU80ge9sW2GtTqThp9UqmrIL0Db/9So=
github.com/KarpelesLab/goupd v0.2.10/go.mod h1:Yc3JOLMq0lVktd8VVA8tiJpREuJ72ajwmFMRvmf1diY=
github.com/KarpelesLab/goupd v0.3.1 h1:l+ib0iP8lCL52zop/+gOzGryNVdX1i7eg9ZpKzCDRKo=
github.com/KarpelesLab/goupd v0.3.1/go.mod h1:TFiRFPvG6MjJOCAL4LZk4idnMGcC+azNSGDLfNvzi1c=
github.com/KarpelesLab/jwt v0.0.3 h1:hZSii5uuBjIpVAWgsg1h8QYDUzZvB0/U0N5o0tAtR3o=
github.com/KarpelesLab/jwt v0.0.3/go.mod h1:VUYIYCOSk4qnzdRtv5P8JvPB0cBEjmpZYdvJi2Yao+8=
github.com/KarpelesLab/jwt v0.1.1 h1:mCSJIfyVUvEdHZTjhsouMnF6bLE8EvWGxpoVBA17Plc=
github.com/KarpelesLab/jwt v0.1.1/go.mod h1:Liweot6GXvb+Z4Wa0GJ2cGxQMCntYE3JgLbbXfmVpJo=
github.com/KarpelesLab/ringbuf v0.1.2 h1:IlxDIC0IrRKcffvTpXtralYS4u2pDCWiGwEnCt8q0DM=
github.com/KarpelesLab/ringbuf v0.1.2/go.mod h1:HtEUimh5Rfai5i0ULzx8wm3qhERt1OQ6DvXUxYIQoFM=
github.com/google/uuid v1.3.0 h1:t6JiXgmwXMjEs8VusXIJk2BXHsn+wx8BZdTaoZ5fu7I=
github.com/google/uuid v1.3.0/go.mod h1:TIyPZe4MgqvfeYDBFedMoGGpEw/LqOeaOT+nhxU+yHo=
go.etcd.io/bbolt v1.3.6 h1:/ecaJf0sk1l4l6V4awd65v2C3ILy7MSj+s/x1ADCIMU=
go.etcd.io/bbolt v1.3.6/go.mod h1:qXsaaIqmgQH0T+OPdb99Bf+PKfBBQVAdyD6TY9G8XM4=
go.etcd.io/bbolt v1.3.7 h1:j+zJOnnEjF/kyHlDDgGnVL/AIqIJPq8UoB2GSNfkUfQ=
go.etcd.io/bbolt v1.3.7/go.mod h1:N9Mkw9X8x5fupy0IKsmuqVtoGDyxsaDlbk4Rd05IAQw=
golang.org/x/crypto v0.0.0-20210921155107-089bfa567519 h1:7I4JAnoQBe7ZtJcBaYHi5UtiO8tQHbUSXxL+pnGRANg=
golang.org/x/crypto v0.0.0-20210921155107-089bfa567519/go.mod h1:GvvjBRRGRdwPK5ydBHafDWAxML/pGHZbMvKqRZ5+Abc=
golang.org/x/crypto v0.7.0 h1:AvwMYaRytfdeVt3u6mLaxYtErKYjxA2OXjJ1HHq6t3A=
golang.org/x/crypto v0.7.0/go.mod h1:pYwdfH91IfpZVANVyUOhSIPZaFoJGxTFbZhFTx+dXZU=
golang.org/x/sys v0.0.0-20200923182605-d9f96fdee20d/go.mod h1:h1NjWce9XRLGQEsW7wpKNCjG9DtNlClVuFLEZdDNbEs=
golang.org/x/sys v0.0.0-20210615035016-665e8c7367d1 h1:SrN+KX8Art/Sf4HNj6Zcz06G7VEz+7w9tdXTPOZ7+l4=
golang.org/x/sys v0.0.0-20210615035016-665e8c7367d1/go.mod h1:oPkhp1MJrh7nUepCBck5+mAzfO9JrbApNNgaTdGDITg=
golang.org/x/sys v0.6.0 h1:MVltZSvRTcU2ljQOhs94SXPftV6DCNnZViHeQps87pQ=
golang.org/x/sys v0.6.0/go.mod h1:oPkhp1MJrh7nUepCBck5+mAzfO9JrbApNNgaTdGDITg=
