github.com/KarpelesLab/cloudinfo v0.1.3 h1:cM2kI0kXq8d9/BmU/+xjCTmQO5YeKTMjTW3dmwjKG7E=
github.com/KarpelesLab/cloudinfo v0.1.3/go.mod h1:JUe7GRz++49G6wOQzWbiMVFnvmJh/Y7iA4Oq8JD/Wis=
github.com/KarpelesLab/cloudinfo v0.1.6 h1:WsejQSkiD7qvDqzhGt0FuyNczry4PDeg+9fERfrJHZE=
github.com/KarpelesLab/cloudinfo v0.1.6/go.mod h1:JUe7GRz++49G6wOQzWbiMVFnvmJh/Y7iA4Oq8JD/Wis=
github.com/KarpelesLab/cryptutil v0.2.7 h1:qYJP2iJCZS+R2Pm3M9wcjC8cDfHdNZbDzQB0os3qVpY=
github.com/KarpelesLab/cryptutil v0.2.7/go.mod h1:2gBM1JlpscOqYSE08hoOug3pFpR2Hh6EV/6aK7ZANqQ=
github.com/KarpelesLab/cryptutil v0.2.24 h1:kD4NvTxqYUWK/AtS3RQ16Sz97WXuy7nIIwCDCG/TCXU=
github.com/KarpelesLab/cryptutil v0.2.24/go.mod h1:2gBM1JlpscOqYSE08hoOug3pFpR2Hh6EV/6aK7ZANqQ=
github.com/KarpelesLab/emitter v0.1.0 h1:MQqtI4B4linBLuvPlXXb3wB4ujtCw5yDeFQwTwCsAHA=
github.com/KarpelesLab/emitter v0.1.0/go.mod h1:JOaQADpNVN0OJfhkDurRCUkMEotPM8Pukh3DadTOY+4=
github.com/KarpelesLab/goupd v0.2.5 h1:qgaNUmgOxYquVsiXKVLywOB7pH6PSCo1TzSFj1cybWE=
github.com/KarpelesLab/goupd v0.2.5/go.mod h1:Sr/OaGDtQ/nenXcG/DI2pTX4us1MexhppeMUMN7fsTw=
github.com/KarpelesLab/goupd v0.2.6 h1:FXjNaVy7LlH8wQ/7fvvIP79TZGkGqOlejCaOefmhiFg=
github.com/KarpelesLab/goupd v0.2.6/go.mod h1:Sr/OaGDtQ/nenXcG/DI2pTX4us1MexhppeMUMN7fsTw=
github.com/KarpelesLab/goupd v0.2.10 h1:RAF75Pkehh9ZRU80ge9sW2GtTqThp9UqmrIL0Db/9So=
github.com/KarpelesLab/goupd v0.2.10/go.mod h1:Yc3JOLMq0lVktd8VVA8tiJpREuJ72ajwmFMRvmf1diY=
github.com/KarpelesLab/goupd v0.3.1 h1:l+ib0iP8lCL52zop/+gOzGryNVdX1i7eg9ZpKzCDRKo=
github.com/KarpelesLab/goupd v0.3.1/go.mod h1:TFiRFPvG6MjJOCAL4LZk4idnMGcC+azNSGDLfNvzi1c=
github.com/KarpelesLab/goupd v0.3.2 h1:XK0Y3dTf9C6tTBk5QlJZ7pDSqtuBd4NFdjFEd3miH1w=
github.com/KarpelesLab/goupd v0.3.2/go.mod h1:TFiRFPvG6MjJOCAL4LZk4idnMGcC+azNSGDLfNvzi1c=
github.com/KarpelesLab/goupd v0.4.3 h1:V7TS3+ROr3RiNK6AWROJrz3/JeLLkH0VAKnJsSnKR54=
github.com/KarpelesLab/goupd v0.4.3/go.mod h1:tq6+XSbf6fNtLOdiG2ud23meV8JuP9mLXKOzoDZ1lno=
github.com/KarpelesLab/goupd v0.4.4 h1:LFZ0I9CtCXU8mItEvewwbtnOVBxKTX1KaGAJOnGYR20=
github.com/KarpelesLab/goupd v0.4.4/go.mod h1:tq6+XSbf6fNtLOdiG2ud23meV8JuP9mLXKOzoDZ1lno=
github.com/KarpelesLab/jwt v0.0.3 h1:hZSii5uuBjIpVAWgsg1h8QYDUzZvB0/U0N5o0tAtR3o=
github.com/KarpelesLab/jwt v0.0.3/go.mod h1:VUYIYCOSk4qnzdRtv5P8JvPB0cBEjmpZYdvJi2Yao+8=
github.com/KarpelesLab/jwt v0.1.1 h1:mCSJIfyVUvEdHZTjhsouMnF6bLE8EvWGxpoVBA17Plc=
github.com/KarpelesLab/jwt v0.1.1/go.mod h1:Liweot6GXvb+Z4Wa0GJ2cGxQMCntYE3JgLbbXfmVpJo=
github.com/KarpelesLab/jwt v0.1.2 h1:trRFqM7ds7FPbpS80VlCJuIQPswe9l1Q/HWSueFPplQ=
github.com/KarpelesLab/jwt v0.1.2/go.mod h1:mTM/SK0MrIjAMOXudMLfEPyqTkK4KNQovQIL1esFYWs=
github.com/KarpelesLab/jwt v0.1.3 h1:+TKDBuVcLKyJgLFlHwvZF6r1l3QAjpaej3W0qF5aoXQ=
github.com/KarpelesLab/jwt v0.1.3/go.mod h1:mTM/SK0MrIjAMOXudMLfEPyqTkK4KNQovQIL1esFYWs=
github.com/KarpelesLab/jwt v0.1.4 h1:HTqro9mHGido7Sx/qQYON2CO9Poy222kW4cOrU5fH5k=
github.com/KarpelesLab/jwt v0.1.4/go.mod h1:rv2G7Sx+iXO9KH6qCL0SIRordO0FTxLTUwh8GUbtmbY=
github.com/KarpelesLab/jwt v0.1.5 h1:RrkHyRIy1kpJ9PEcffJw7L+Q06hzusKJKVt/z9GQfg4=
github.com/KarpelesLab/jwt v0.1.5/go.mod h1:rv2G7Sx+iXO9KH6qCL0SIRordO0FTxLTUwh8GUbtmbY=
github.com/KarpelesLab/jwt v0.1.7 h1:vvxtrDn5cfek1sh7aLUj0HmzYMutYelCKKTWVdwt43w=
github.com/KarpelesLab/jwt v0.1.7/go.mod h1:rv2G7Sx+iXO9KH6qCL0SIRordO0FTxLTUwh8GUbtmbY=
github.com/KarpelesLab/jwt v0.1.8 h1:hjlwvm3BGMR0QfMl8YArLcT1JCOdcv4Zy5WVj7J8Ysc=
github.com/KarpelesLab/jwt v0.1.8/go.mod h1:rv2G7Sx+iXO9KH6qCL0SIRordO0FTxLTUwh8GUbtmbY=
github.com/KarpelesLab/jwt v0.1.10 h1:ubXuFPIX2coMyYKfoD2Gyk0Va7wNMQKmqbC5eKtqcrg=
github.com/KarpelesLab/jwt v0.1.10/go.mod h1:rv2G7Sx+iXO9KH6qCL0SIRordO0FTxLTUwh8GUbtmbY=
github.com/KarpelesLab/jwt v0.1.11 h1:oEIHZz78qJhs3zzxsjubOTvrE/RXy44oRa3Ul/TGTxU=
github.com/KarpelesLab/jwt v0.1.11/go.mod h1:rv2G7Sx+iXO9KH6qCL0SIRordO0FTxLTUwh8GUbtmbY=
github.com/KarpelesLab/pjson v0.1.9 h1:JVmm61sLRVb+5YkUDacgM1FlB9CTOsCUhEvF+OzUMf0=
github.com/KarpelesLab/pjson v0.1.9/go.mod h1:gb4uSTld7I2kO2WvLdat1mN1brsS1hzSR+dWw1hL3iU=
github.com/KarpelesLab/rchan v1.0.0 h1:eLp2OhASdoSL8BIP80eHySwJQZfECxAHUYd5fU2CeTQ=
github.com/KarpelesLab/rchan v1.0.0/go.mod h1:Osy4g3kPFTIwBn+N6TVji4goTOdzEJYIlaE7m8nv2sw=
github.com/KarpelesLab/rchan v1.0.1 h1:uIkAAp/50NjY+j0LTkWmyk2h+RzIu525Y4Dg/vMxV2k=
github.com/KarpelesLab/rchan v1.0.1/go.mod h1:Osy4g3kPFTIwBn+N6TVji4goTOdzEJYIlaE7m8nv2sw=
github.com/KarpelesLab/rest v0.5.21 h1:PidK0EiH9UJCo31DFIB8yOovaEjAKO2GSmCatdR7nOk=
github.com/KarpelesLab/rest v0.5.21/go.mod h1:Ks/tWkKBEh4N2e+ZoMROiI3sB5b1MnuA1Mj1yRvu1vg=
github.com/KarpelesLab/ringbuf v0.1.2 h1:IlxDIC0IrRKcffvTpXtralYS4u2pDCWiGwEnCt8q0DM=
github.com/KarpelesLab/ringbuf v0.1.2/go.mod h1:HtEUimh5Rfai5i0ULzx8wm3qhERt1OQ6DvXUxYIQoFM=
github.com/KarpelesLab/spotlib v0.1.0 h1:JVp4yMsi/gL03eSgWOgMNcJctsOmahszpL8AzqGfyU4=
github.com/KarpelesLab/spotlib v0.1.0/go.mod h1:n4f2lZRvAw7JB2if10OozXKNqvzgvRFKv8dvOnqOUAM=
github.com/KarpelesLab/spotlib v0.1.1 h1:Q8JAZ3PWg9l6qPykViPjFmWBHaDNwuW6Q93JGTcNyGQ=
github.com/KarpelesLab/spotlib v0.1.1/go.mod h1:n4f2lZRvAw7JB2if10OozXKNqvzgvRFKv8dvOnqOUAM=
github.com/KarpelesLab/spotlib v0.1.2 h1:6IfvYh0uPkbkSWHYz0XyHIq3CIVsZWyXFQ2lG1Prxb0=
github.com/KarpelesLab/spotlib v0.1.2/go.mod h1:FqjKBrU3ZYFgqJ5xHrzZ27v+/ry0M0u/7ubFescDEW4=
github.com/KarpelesLab/spotlib v0.1.4 h1:tejz2m8ChhEw5MLKjTJlFQG124NcETmnwUZjl0SWnec=
github.com/KarpelesLab/spotlib v0.1.4/go.mod h1:FqjKBrU3ZYFgqJ5xHrzZ27v+/ry0M0u/7ubFescDEW4=
github.com/KarpelesLab/spotlib v0.2.0 h1:7YCyZspK01isTSY40IRcJkuSl2GH8dcKldJXAOOeQ4c=
github.com/KarpelesLab/spotlib v0.2.0/go.mod h1:sbXU5AzSoMX9Cj6A6SLaLow2AFoP+syGVoQYLJUt1iE=
github.com/KarpelesLab/spotlib v0.2.1 h1:oMPRIkGDlV4bS87WzXYblgd2Mqpt52VFQb3iwYigS5s=
github.com/KarpelesLab/spotlib v0.2.1/go.mod h1:sbXU5AzSoMX9Cj6A6SLaLow2AFoP+syGVoQYLJUt1iE=
github.com/KarpelesLab/spotproto v0.1.7 h1:yZ0UNcSMLWUn8qROKtIWQJA3/+X5qx02MbTXtfyzObQ=
github.com/KarpelesLab/spotproto v0.1.7/go.mod h1:2Mq2NRSCGbSmPVQzn+YxaRsdsXl6uo/CLS9VR/Bzzb4=
github.com/KarpelesLab/spotproto v0.2.0 h1:2ZswrQ0yf/PmTdHc5gzZiiB+0A/ErGv+vsJ5lfufBYo=
github.com/KarpelesLab/spotproto v0.2.0/go.mod h1:y4NmEkiK2i+INDka6rtc2C15khAGQRMRAqaW9oCJrE0=
github.com/KarpelesLab/tpmlib v0.1.2 h1:f22/c22mXaWCHgiNUbVmzIRP79BmdMBbA5xX7p/QmI4=
github.com/KarpelesLab/tpmlib v0.1.2/go.mod h1:MA8nOp4lm3cDOyOML2DUVhEG2S2hgM99AAtxJz4SSgc=
github.com/KarpelesLab/tpmlib v0.1.4 h1:rvVqZJGzX+jLqQBErejanLYsPBK/X/gCz0Z9NoAldrI=
github.com/KarpelesLab/tpmlib v0.1.4/go.mod h1:/X151kOZYsX4UPI6xuku+Sgwd1qkMDHpnmWpF0v9MlU=
github.com/KarpelesLab/typutil v0.2.16 h1:uVA+2/NfmQ6nzNsy8Eh4q3AuyWGWnqHKyQ4llbTwt+o=
github.com/KarpelesLab/typutil v0.2.16/go.mod h1:lqs248XpjFstgZMT5ZVP4/3B6zT7eEeq5kKj4/tC1IQ=
github.com/KarpelesLab/webutil v0.2.1 h1:5mB+mPBj3iRasv9zY9rDAh00yvKQWJxDOjyUZTjfmlY=
github.com/KarpelesLab/webutil v0.2.1/go.mod h1:AKTsmoimqwSdJHtZzBnvxcjQv3lgyw/GVJFVyXaDilU=
github.com/ModChain/edwards25519 v1.0.0 h1:Geww/chivFY6E/mZgA4chVf4HWvUgJ1LdRZ0v2d25Eo=
github.com/ModChain/edwards25519 v1.0.0/go.mod h1:kjiZ1iVWnsHVMHeIgWFu26ik6/jPlE+c9MrfO5wbLm4=
github.com/chzyer/logex v1.1.10/go.mod h1:+Ywpsq7O8HXn0nuIou7OrIPyXbp3wmkHB+jjWRnGsAI=
github.com/chzyer/readline v0.0.0-20180603132655-2972be24d48e/go.mod h1:nSuG5e5PlCu98SY8svDHJxuZscDgtXS6KTTbou5AhLI=
github.com/chzyer/test v0.0.0-20180213035817-a1ea475d72b1/go.mod h1:Q3SI9o4m/ZMnBNeIyt5eFwwo7qiLfzFZmjNmxjkiQlU=
github.com/coder/websocket v1.8.12 h1:5bUXkEPPIbewrnkU8LTCLVaxi4N4J8ahufH2vlo4NAo=
github.com/coder/websocket v1.8.12/go.mod h1:LNVeNrXQZfe5qhS9ALED3uA+l5pPqvwXg3CKoDBB2gs=
github.com/davecgh/go-spew v1.1.0/go.mod h1:J7Y8YcW2NihsgmVo/mv3lAwl/skON4iLHjSsI+c5H38=
github.com/davecgh/go-spew v1.1.1/go.mod h1:J7Y8YcW2NihsgmVo/mv3lAwl/skON4iLHjSsI+c5H38=
github.com/fxamacker/cbor/v2 v2.7.0 h1:iM5WgngdRBanHcxugY4JySA0nk1wZorNOpTgCMedv5E=
github.com/fxamacker/cbor/v2 v2.7.0/go.mod h1:pxXPTn3joSm21Gbwsv0w9OSA2y1HFR9qXEeXQVeNoDQ=
github.com/go-task/slim-sprig v0.0.0-20230315185526-52ccab3ef572 h1:tfuBGBXKqDEevZMzYi5KSi8KkcZtzBcTgAUUtapy0OI=
github.com/go-task/slim-sprig v0.0.0-20230315185526-52ccab3ef572/go.mod h1:9Pwr4B2jHnOSGXyyzV8ROjYa2ojvAY6HCGYYfMoC3Ls=
github.com/golang/protobuf v1.5.0/go.mod h1:FsONVRAS9T7sI+LIUmWTfcYkHO4aIWwzhcaSAoJOfIk=
github.com/golang/protobuf v1.5.3 h1:KhyjKVUg7Usr/dYsdSqoFveMYd5ko72D+zANwlG1mmg=
github.com/golang/protobuf v1.5.3/go.mod h1:XVQd3VNwM+JqD3oG2Ue2ip4fOMUkwXdXDdiuN0vRsmY=
github.com/golang/protobuf v1.5.4 h1:i7eJL8qZTpSEXOPTxNKhASYpMn+8e5Q6AdndVa1dWek=
github.com/golang/protobuf v1.5.4/go.mod h1:lnTiLA8Wa4RWRcIUkrtSVa5nRhsEGBg48fD6rSs7xps=
github.com/google/go-cmp v0.5.5/go.mod h1:v8dTdLbMG2kIc/vJvl+f65V22dbkXbowE6jgT/gNBxE=
github.com/google/go-configfs-tsm v0.2.2 h1:YnJ9rXIOj5BYD7/0DNnzs8AOp7UcvjfTvt215EWcs98=
github.com/google/go-configfs-tsm v0.2.2/go.mod h1:EL1GTDFMb5PZQWDviGfZV9n87WeGTR/JUg13RfwkgRo=
github.com/google/go-configfs-tsm v0.3.2 h1:ZYmHkdQavfsvVGDtX7RRda0gamelUNUhu0A9fbiuLmE=
github.com/google/go-configfs-tsm v0.3.2/go.mod h1:EL1GTDFMb5PZQWDviGfZV9n87WeGTR/JUg13RfwkgRo=
github.com/google/go-sev-guest v0.6.1 h1:NajHkAaLqN9/aW7bCFSUplUMtDgk2+HcN7jC2btFtk0=
github.com/google/go-sev-guest v0.6.1/go.mod h1:UEi9uwoPbLdKGl1QHaq1G8pfCbQ4QP0swWX4J0k6r+Q=
github.com/google/go-sev-guest v0.9.3 h1:GOJ+EipURdeWFl/YYdgcCxyPeMgQUWlI056iFkBD8UU=
github.com/google/go-sev-guest v0.9.3/go.mod h1:hc1R4R6f8+NcJwITs0L90fYWTsBpd1Ix+Gur15sqHDs=
github.com/google/go-sev-guest v0.11.1 h1:gnww4U8fHV5DCPz4gykr1s8SEX1fFNcxCBy+vvXN24k=
github.com/google/go-sev-guest v0.11.1/go.mod h1:qBOfb+JmgsUI3aUyzQoGC13Kpp9zwLeWvuyXmA9q77w=
github.com/google/go-tdx-guest v0.2.3-0.20231011100059-4cf02bed9d33 h1:lRlUusuieEuqljjihCXb+Mr73VNitOYPJYWXzJKtBWs=
github.com/google/go-tdx-guest v0.2.3-0.20231011100059-4cf02bed9d33/go.mod h1:84ut3oago/BqPXD4ppiGXdkZNW3WFPkcyAO4my2hXdY=
github.com/google/go-tdx-guest v0.3.1 h1:gl0KvjdsD4RrJzyLefDOvFOUH3NAJri/3qvaL5m83Iw=
github.com/google/go-tdx-guest v0.3.1/go.mod h1:/rc3d7rnPykOPuY8U9saMyEps0PZDThLk/RygXm04nE=
github.com/google/go-tpm v0.9.0 h1:sQF6YqWMi+SCXpsmS3fd21oPy/vSddwZry4JnmltHVk=
github.com/google/go-tpm v0.9.0/go.mod h1:FkNVkc6C+IsvDI9Jw1OveJmxGZUUaKxtrpOS47QWKfU=
github.com/google/go-tpm v0.9.1 h1:0pGc4X//bAlmZzMKf8iz6IsDo1nYTbYJ6FZN/rg4zdM=
github.com/google/go-tpm v0.9.1/go.mod h1:h9jEsEECg7gtLis0upRBQU+GhYVH6jMjrFxI8u6bVUY=
github.com/google/go-tpm-tools v0.3.13-0.20230620182252-4639ecce2aba h1:qJEJcuLzH5KDR0gKc0zcktin6KSAwL7+jWKBYceddTc=
github.com/google/go-tpm-tools v0.3.13-0.20230620182252-4639ecce2aba/go.mod h1:EFYHy8/1y2KfgTAsx7Luu7NGhoxtuVHnNo8jE7FikKc=
github.com/google/go-tpm-tools v0.4.2 h1:iyaCPKt2N5Rd0yz0G8ANa022SgCNZkMpp+db6QELtvI=
github.com/google/go-tpm-tools v0.4.2/go.mod h1:fGUDZu4tw3V4hUVuFHmiYgRd0c58/IXivn9v3Ea/ck4=
github.com/google/go-tpm-tools v0.4.4 h1:oiQfAIkc6xTy9Fl5NKTeTJkBTlXdHsxAofmQyxBKY98=
github.com/google/go-tpm-tools v0.4.4/go.mod h1:T8jXkp2s+eltnCDIsXR84/MTcVU9Ja7bh3Mit0pa4AY=
github.com/google/logger v1.1.1 h1:+6Z2geNxc9G+4D4oDO9njjjn2d0wN5d7uOo0vOIW1NQ=
github.com/google/logger v1.1.1/go.mod h1:BkeJZ+1FhQ+/d087r4dzojEg1u2ZX+ZqG1jTUrLM+zQ=
github.com/google/pprof v0.0.0-20210407192527-94a9f03dee38 h1:yAJXTCF9TqKcTiHJAE8dj7HMvPfh66eeA2JYW7eFpSE=
github.com/google/pprof v0.0.0-20210407192527-94a9f03dee38/go.mod h1:kpwsk12EmLew5upagYY7GY0pfYCcupk39gWOCRROcvE=
github.com/google/uuid v1.0.0/go.mod h1:TIyPZe4MgqvfeYDBFedMoGGpEw/LqOeaOT+nhxU+yHo=
github.com/google/uuid v1.3.0 h1:t6JiXgmwXMjEs8VusXIJk2BXHsn+wx8BZdTaoZ5fu7I=
github.com/google/uuid v1.3.0/go.mod h1:TIyPZe4MgqvfeYDBFedMoGGpEw/LqOeaOT+nhxU+yHo=
github.com/google/uuid v1.4.0 h1:MtMxsa51/r9yyhkyLsVeVt0B+BGQZzpQiTQ4eHZ8bc4=
github.com/google/uuid v1.4.0/go.mod h1:TIyPZe4MgqvfeYDBFedMoGGpEw/LqOeaOT+nhxU+yHo=
github.com/google/uuid v1.6.0 h1:NIvaJDMOsjHA8n1jAhLSgzrAzy1Hgr+hNrb57e+94F0=
github.com/google/uuid v1.6.0/go.mod h1:TIyPZe4MgqvfeYDBFedMoGGpEw/LqOeaOT+nhxU+yHo=
github.com/ianlancetaylor/demangle v0.0.0-20200824232613-28f6c0f3b639/go.mod h1:aSSvb/t6k1mPoxDqO4vJh6VOCGPwU4O0C2/Eqndh1Sc=
github.com/onsi/ginkgo/v2 v2.9.5 h1:+6Hr4uxzP4XIUyAkg61dWBw8lb/gc4/X5luuxN/EC+Q=
github.com/onsi/ginkgo/v2 v2.9.5/go.mod h1:tvAoo1QUJwNEU2ITftXTpR7R1RbCzoZUOs3RonqW57k=
github.com/pborman/uuid v1.2.0 h1:J7Q5mO4ysT1dv8hyrUGHb9+ooztCXu1D8MY8DZYsu3g=
github.com/pborman/uuid v1.2.0/go.mod h1:X/NO0urCmaxf9VXbdlT7C2Yzkj2IKimNn4k+gtPdI/k=
github.com/pborman/uuid v1.2.1 h1:+ZZIw58t/ozdjRaXh/3awHfmWRbzYxJoAdNJxe/3pvw=
github.com/pborman/uuid v1.2.1/go.mod h1:X/NO0urCmaxf9VXbdlT7C2Yzkj2IKimNn4k+gtPdI/k=
github.com/pkg/errors v0.9.1 h1:FEBLx1zS214owpjy7qsBeixbURkuhQAwrK5UwLGTwt4=
github.com/pkg/errors v0.9.1/go.mod h1:bwawxfHBFNV+L2hUp1rHADufV3IMtnDRdf1r5NINEl0=
github.com/pmezard/go-difflib v1.0.0/go.mod h1:iKH77koFhYxTK1pcRnkKkqfTogsbg7gZNVY4sRDYZ/4=
github.com/quic-go/quic-go v0.46.0 h1:uuwLClEEyk1DNvchH8uCByQVjo3yKL9opKulExNDs7Y=
github.com/quic-go/quic-go v0.46.0/go.mod h1:1dLehS7TIR64+vxGR70GDcatWTOtMX2PUtnKsjbTurI=
github.com/stretchr/objx v0.1.0/go.mod h1:HFkY916IF+rwdDfMAkV7OtwuqBVzrE8GR6GFx+wExME=
github.com/stretchr/testify v1.6.1/go.mod h1:6Fq8oRcR53rry900zMqJjRRixrwX3KX962/h/Wwjteg=
github.com/x448/float16 v0.8.4 h1:qLwI1I70+NjRFUR3zs1JPUCgaCXSh3SW62uAKT1mSBM=
github.com/x448/float16 v0.8.4/go.mod h1:14CWIYCyZA/cWjXOioeEpHeN/83MdbZDRQHoFcYsOfg=
go.etcd.io/bbolt v1.3.6 h1:/ecaJf0sk1l4l6V4awd65v2C3ILy7MSj+s/x1ADCIMU=
go.etcd.io/bbolt v1.3.6/go.mod h1:qXsaaIqmgQH0T+OPdb99Bf+PKfBBQVAdyD6TY9G8XM4=
go.etcd.io/bbolt v1.3.7 h1:j+zJOnnEjF/kyHlDDgGnVL/AIqIJPq8UoB2GSNfkUfQ=
go.etcd.io/bbolt v1.3.7/go.mod h1:N9Mkw9X8x5fupy0IKsmuqVtoGDyxsaDlbk4Rd05IAQw=
go.etcd.io/bbolt v1.3.8 h1:xs88BrvEv273UsB79e0hcVrlUWmS0a8upikMFhSyAtA=
go.etcd.io/bbolt v1.3.8/go.mod h1:N9Mkw9X8x5fupy0IKsmuqVtoGDyxsaDlbk4Rd05IAQw=
go.etcd.io/bbolt v1.3.10 h1:+BqfJTcCzTItrop8mq/lbzL8wSGtj94UO/3U31shqG0=
go.etcd.io/bbolt v1.3.10/go.mod h1:bK3UQLPJZly7IlNmV7uVHJDxfe5aK9Ll93e/74Y9oEQ=
go.uber.org/mock v0.4.0 h1:VcM4ZOtdbR4f6VXfiOpwpVJDL6lCReaZ6mw31wqh7KU=
go.uber.org/mock v0.4.0/go.mod h1:a6FSlNadKUHUa9IP5Vyt1zh4fC7uAwxMutEAscFbkZc=
go.uber.org/multierr v1.11.0 h1:blXXJkSxSSfBVBlC76pxqeO+LN3aDfLQo+309xJstO0=
go.uber.org/multierr v1.11.0/go.mod h1:20+QtiLqy0Nd6FdQB9TLXag12DsQkrbs3htMFfDN80Y=
golang.org/x/crypto v0.0.0-20210921155107-089bfa567519 h1:7I4JAnoQBe7ZtJcBaYHi5UtiO8tQHbUSXxL+pnGRANg=
golang.org/x/crypto v0.0.0-20210921155107-089bfa567519/go.mod h1:GvvjBRRGRdwPK5ydBHafDWAxML/pGHZbMvKqRZ5+Abc=
golang.org/x/crypto v0.7.0 h1:AvwMYaRytfdeVt3u6mLaxYtErKYjxA2OXjJ1HHq6t3A=
golang.org/x/crypto v0.7.0/go.mod h1:pYwdfH91IfpZVANVyUOhSIPZaFoJGxTFbZhFTx+dXZU=
golang.org/x/crypto v0.9.0 h1:LF6fAI+IutBocDJ2OT0Q1g8plpYljMZ4+lty+dsqw3g=
golang.org/x/crypto v0.9.0/go.mod h1:yrmDGqONDYtNj3tH8X9dzUun2m2lzPa9ngI6/RUPGR0=
golang.org/x/crypto v0.10.0 h1:LKqV2xt9+kDzSTfOhx4FrkEBcMrAgHSYgzywV9zcGmM=
golang.org/x/crypto v0.10.0/go.mod h1:o4eNf7Ede1fv+hwOwZsTHl9EsPFO6q6ZvYR8vYfY45I=
golang.org/x/crypto v0.15.0 h1:frVn1TEaCEaZcn3Tmd7Y2b5KKPaZ+I32Q2OA3kYp5TA=
golang.org/x/crypto v0.15.0/go.mod h1:4ChreQoLWfG3xLDer1WdlH5NdlQ3+mwnQq1YTKY+72g=
golang.org/x/crypto v0.19.0 h1:ENy+Az/9Y1vSrlrvBSyna3PITt4tiZLf7sgCjZBX7Wo=
golang.org/x/crypto v0.19.0/go.mod h1:Iy9bg/ha4yyC70EfRS8jz+B6ybOBKMaSxLj6P6oBDfU=
golang.org/x/crypto v0.23.0 h1:dIJU/v2J8Mdglj/8rJ6UUOM3Zc9zLZxVZwwxMooUSAI=
golang.org/x/crypto v0.23.0/go.mod h1:CKFgDieR+mRhux2Lsu27y0fO304Db0wZe70UKqHu0v8=
golang.org/x/crypto v0.24.0 h1:mnl8DM0o513X8fdIkmyFE/5hTYxbwYOjDS/+rK6qpRI=
golang.org/x/crypto v0.24.0/go.mod h1:Z1PMYSOR5nyMcyAVAIQSKCDwalqy85Aqn1x3Ws4L5DM=
golang.org/x/crypto v0.25.0 h1:ypSNr+bnYL2YhwoMt2zPxHFmbAN1KZs/njMG3hxUp30=
golang.org/x/crypto v0.25.0/go.mod h1:T+wALwcMOSE0kXgUAnPAHqTLW+XHgcELELW8VaDgm/M=
golang.org/x/crypto v0.26.0 h1:RrRspgV4mU+YwB4FYnuBoKsUapNIL5cohGAmSH3azsw=
golang.org/x/crypto v0.26.0/go.mod h1:GY7jblb9wI+FOo5y8/S2oY4zWP07AkOJ4+jxCqdqn54=
golang.org/x/exp v0.0.0-20240823005443-9b4947da3948 h1:kx6Ds3MlpiUHKj7syVnbp57++8WpuKPcR5yjLBjvLEA=
golang.org/x/exp v0.0.0-20240823005443-9b4947da3948/go.mod h1:akd2r19cwCdwSwWeIdzYQGa/EZZyqcOdwWiwj5L5eKQ=
golang.org/x/mod v0.20.0 h1:utOm6MM3R3dnawAiJgn0y+xvuYRsm1RKM/4giyfDgV0=
golang.org/x/mod v0.20.0/go.mod h1:hTbmBsO62+eylJbnUtE2MGJUyE7QWk4xUqPFrRgJ+7c=
golang.org/x/net v0.28.0 h1:a9JDOJc5GMUJ0+UDqmLT86WiEy7iWyIhz8gz8E4e5hE=
golang.org/x/net v0.28.0/go.mod h1:yqtgsTWOOnlGLG9GFRrK3++bGOUEkNBoHZc8MEDWPNg=
golang.org/x/sync v0.8.0 h1:3NFvSEYkUoMifnESzZl15y791HH1qU2xm6eCJU5ZPXQ=
golang.org/x/sync v0.8.0/go.mod h1:Czt+wKu1gCyEFDUtn0jG5QVvpJ6rzVqr5aXyt9drQfk=
golang.org/x/sys v0.0.0-20191204072324-ce4227a45e2e/go.mod h1:h1NjWce9XRLGQEsW7wpKNCjG9DtNlClVuFLEZdDNbEs=
golang.org/x/sys v0.0.0-20200923182605-d9f96fdee20d/go.mod h1:h1NjWce9XRLGQEsW7wpKNCjG9DtNlClVuFLEZdDNbEs=
golang.org/x/sys v0.0.0-20210426230700-d19ff857e887/go.mod h1:h1NjWce9XRLGQEsW7wpKNCjG9DtNlClVuFLEZdDNbEs=
golang.org/x/sys v0.0.0-20210615035016-665e8c7367d1 h1:SrN+KX8Art/Sf4HNj6Zcz06G7VEz+7w9tdXTPOZ7+l4=
golang.org/x/sys v0.0.0-20210615035016-665e8c7367d1/go.mod h1:oPkhp1MJrh7nUepCBck5+mAzfO9JrbApNNgaTdGDITg=
golang.org/x/sys v0.6.0 h1:MVltZSvRTcU2ljQOhs94SXPftV6DCNnZViHeQps87pQ=
golang.org/x/sys v0.6.0/go.mod h1:oPkhp1MJrh7nUepCBck5+mAzfO9JrbApNNgaTdGDITg=
golang.org/x/sys v0.8.0 h1:EBmGv8NaZBZTWvrbjNoL6HVt+IVy3QDQpJs7VRIw3tU=
golang.org/x/sys v0.8.0/go.mod h1:oPkhp1MJrh7nUepCBck5+mAzfO9JrbApNNgaTdGDITg=
golang.org/x/sys v0.9.0 h1:KS/R3tvhPqvJvwcKfnBHJwwthS11LRhmM5D59eEXa0s=
golang.org/x/sys v0.9.0/go.mod h1:oPkhp1MJrh7nUepCBck5+mAzfO9JrbApNNgaTdGDITg=
golang.org/x/sys v0.14.0 h1:Vz7Qs629MkJkGyHxUlRHizWJRG2j8fbQKjELVSNhy7Q=
golang.org/x/sys v0.14.0/go.mod h1:/VUhepiaJMQUp4+oa/7Zr1D23ma6VTLIYjOOTFZPUcA=
golang.org/x/sys v0.17.0 h1:25cE3gD+tdBA7lp7QfhuV+rJiE9YXTcS3VG1SqssI/Y=
golang.org/x/sys v0.17.0/go.mod h1:/VUhepiaJMQUp4+oa/7Zr1D23ma6VTLIYjOOTFZPUcA=
golang.org/x/sys v0.20.0 h1:Od9JTbYCk261bKm4M/mw7AklTlFYIa0bIp9BgSm1S8Y=
golang.org/x/sys v0.20.0/go.mod h1:/VUhepiaJMQUp4+oa/7Zr1D23ma6VTLIYjOOTFZPUcA=
golang.org/x/sys v0.21.0 h1:rF+pYz3DAGSQAxAu1CbC7catZg4ebC4UIeIhKxBZvws=
golang.org/x/sys v0.21.0/go.mod h1:/VUhepiaJMQUp4+oa/7Zr1D23ma6VTLIYjOOTFZPUcA=
golang.org/x/sys v0.23.0 h1:YfKFowiIMvtgl1UERQoTPPToxltDeZfbj4H7dVUCwmM=
golang.org/x/sys v0.23.0/go.mod h1:/VUhepiaJMQUp4+oa/7Zr1D23ma6VTLIYjOOTFZPUcA=
golang.org/x/tools v0.24.0 h1:J1shsA93PJUEVaUSaay7UXAyE8aimq3GW0pjlolpa24=
golang.org/x/tools v0.24.0/go.mod h1:YhNqVBIfWHdzvTLs0d8LCuMhkKUgSUKldakyV7W/WDQ=
golang.org/x/xerrors v0.0.0-20191204190536-9bdfabe68543/go.mod h1:I/5z698sn9Ka8TeJc9MKroUUfqBBauWjQqLJ2OPfmY0=
google.golang.org/protobuf v1.26.0-rc.1/go.mod h1:jlhhOSvTdKEhbULTjvd4ARK9grFBp09yW+WbY/TyQbw=
google.golang.org/protobuf v1.26.0/go.mod h1:9q0QmTI4eRPtz6boOQmLYwt+qCgq0jsYwAQnmE0givc=
google.golang.org/protobuf v1.28.0 h1:w43yiav+6bVFTBQFZX0r7ipe9JQ1QsbMgHwbBziscLw=
google.golang.org/protobuf v1.28.0/go.mod h1:HV8QOd/L58Z+nl8r43ehVNZIU/HEI6OcFqwMG9pJV4I=
google.golang.org/protobuf v1.31.0 h1:g0LDEJHgrBl9N9r17Ru3sqWhkIx2NB67okBHPwC7hs8=
google.golang.org/protobuf v1.31.0/go.mod h1:HV8QOd/L58Z+nl8r43ehVNZIU/HEI6OcFqwMG9pJV4I=
google.golang.org/protobuf v1.34.1 h1:9ddQBjfCyZPOHPUiPxpYESBLc+T8P3E+Vo4IbKZgFWg=
google.golang.org/protobuf v1.34.1/go.mod h1:c6P6GXX6sHbq/GpV6MGZEdwhWPcYBgnhAHhKbcUYpos=
google.golang.org/protobuf v1.34.2 h1:6xV6lTsCfpGD21XK49h7MhtcApnLqkfYgPcdHftf6hg=
google.golang.org/protobuf v1.34.2/go.mod h1:qYOHts0dSfpeUzUFpOMr/WGzszTmLH+DiWniOlNbLDw=
gopkg.in/check.v1 v0.0.0-20161208181325-20d25e280405/go.mod h1:Co6ibVJAznAaIkqp8huTwlJQCZ016jof/cbN4VW5Yz0=
gopkg.in/yaml.v3 v3.0.0-20200313102051-9f266ea9e77c/go.mod h1:K4uyk7z7BCEPqu6E+C64Yfv1cQ7kz7rIZviUmN+EgEM=
